
Microsoft Visual Studio Solution File, Format Version 12.00
# Visual Studio Version 17
VisualStudioVersion = 17.0.32014.148
MinimumVisualStudioVersion = 10.0.40219.1
Project("{FAE04EC0-301F-11D3-BF4B-00C04F79EFBC}") = "PCManager", "PCManager\PCManager.csproj", "{02651C0C-8B0B-42A1-9229-CA977AA6A92A}"
EndProject
Global
	GlobalSection(SolutionConfigurationPlatforms) = preSolution
		Debug|Any CPU = Debug|Any CPU
		Release|Any CPU = Release|Any CPU
	EndGlobalSection
	GlobalSection(ProjectConfigurationPlatforms) = postSolution
		{02651C0C-8B0B-42A1-9229-CA977AA6A92A}.Debug|Any CPU.ActiveCfg = Debug|Any CPU
		{02651C0C-8B0B-42A1-9229-CA977AA6A92A}.Debug|Any CPU.Build.0 = Debug|Any CPU
		{02651C0C-8B0B-42A1-9229-CA977AA6A92A}.Release|Any CPU.ActiveCfg = Release|Any CPU
		{02651C0C-8B0B-42A1-9229-CA977AA6A92A}.Release|Any CPU.Build.0 = Release|Any CPU
	EndGlobalSection
	GlobalSection(SolutionProperties) = preSolution
		HideSolutionNode = FALSE
	EndGlobalSection
	GlobalSection(ExtensibilityGlobals) = postSolution
		SolutionGuid = {B37F6103-1221-4FA9-B26C-6223668BD0FE}
	EndGlobalSection
EndGlobal
